
Microsoft Visual Studio Solution File, Format Version 12.00
# Visual Studio Version 17
VisualStudioVersion = 17.4.33403.182
MinimumVisualStudioVersion = 10.0.40219.1
Project("{FAE04EC0-301F-11D3-BF4B-00C04F79EFBC}") = "TextFile", "TextFile.csproj", "{224EB6B0-4503-440D-99B8-6DEC7FEC9970}"
EndProject
Global
	GlobalSection(SolutionConfigurationPlatforms) = preSolution
		Debug|Any CPU = Debug|Any CPU
		Release|Any CPU = Release|Any CPU
	EndGlobalSection
	GlobalSection(ProjectConfigurationPlatforms) = postSolution
		{224EB6B0-4503-440D-99B8-6DEC7FEC9970}.Debug|Any CPU.ActiveCfg = Debug|Any CPU
		{224EB6B0-4503-440D-99B8-6DEC7FEC9970}.Debug|Any CPU.Build.0 = Debug|Any CPU
		{224EB6B0-4503-440D-99B8-6DEC7FEC9970}.Release|Any CPU.ActiveCfg = Release|Any CPU
		{224EB6B0-4503-440D-99B8-6DEC7FEC9970}.Release|Any CPU.Build.0 = Release|Any CPU
	EndGlobalSection
	GlobalSection(SolutionProperties) = preSolution
		HideSolutionNode = FALSE
	EndGlobalSection
	GlobalSection(ExtensibilityGlobals) = postSolution
		SolutionGuid = {049ED437-96F8-4C44-B77C-E23C9F166706}
	EndGlobalSection
EndGlobal
